
Microsoft Visual Studio Solution File, Format Version 12.00
# Visual Studio Version 16
VisualStudioVersion = 16.0.30406.217
MinimumVisualStudioVersion = 10.0.40219.1
Project("{FAE04EC0-301F-11D3-BF4B-00C04F79EFBC}") = "Math_Method_august_24th_2020", "Math_Method_august_24th_2020\Math_Method_august_24th_2020.csproj", "{BCCA1807-0706-4D41-AF43-686856B47BDA}"
EndProject
Global
	GlobalSection(SolutionConfigurationPlatforms) = preSolution
		Debug|Any CPU = Debug|Any CPU
		Release|Any CPU = Release|Any CPU
	EndGlobalSection
	GlobalSection(ProjectConfigurationPlatforms) = postSolution
		{BCCA1807-0706-4D41-AF43-686856B47BDA}.Debug|Any CPU.ActiveCfg = Debug|Any CPU
		{BCCA1807-0706-4D41-AF43-686856B47BDA}.Debug|Any CPU.Build.0 = Debug|Any CPU
		{BCCA1807-0706-4D41-AF43-686856B47BDA}.Release|Any CPU.ActiveCfg = Release|Any CPU
		{BCCA1807-0706-4D41-AF43-686856B47BDA}.Release|Any CPU.Build.0 = Release|Any CPU
	EndGlobalSection
	GlobalSection(SolutionProperties) = preSolution
		HideSolutionNode = FALSE
	EndGlobalSection
	GlobalSection(ExtensibilityGlobals) = postSolution
		SolutionGuid = {1A9DB332-62CA-4D9B-B499-81AA409B7202}
	EndGlobalSection
EndGlobal
